
Microsoft Visual Studio Solution File, Format Version 12.00
# Visual Studio Version 17
VisualStudioVersion = 17.4.33103.184
MinimumVisualStudioVersion = 10.0.40219.1
Project("{FAE04EC0-301F-11D3-BF4B-00C04F79EFBC}") = "LocathorAPI", "LocathorAPI.csproj", "{75B77A58-0D2F-498A-8928-F1D2C066E94E}"
EndProject
Global
	GlobalSection(SolutionConfigurationPlatforms) = preSolution
		Debug|Any CPU = Debug|Any CPU
		Release|Any CPU = Release|Any CPU
	EndGlobalSection
	GlobalSection(ProjectConfigurationPlatforms) = postSolution
		{75B77A58-0D2F-498A-8928-F1D2C066E94E}.Debug|Any CPU.ActiveCfg = Debug|Any CPU
		{75B77A58-0D2F-498A-8928-F1D2C066E94E}.Debug|Any CPU.Build.0 = Debug|Any CPU
		{75B77A58-0D2F-498A-8928-F1D2C066E94E}.Release|Any CPU.ActiveCfg = Release|Any CPU
		{75B77A58-0D2F-498A-8928-F1D2C066E94E}.Release|Any CPU.Build.0 = Release|Any CPU
	EndGlobalSection
	GlobalSection(SolutionProperties) = preSolution
		HideSolutionNode = FALSE
	EndGlobalSection
	GlobalSection(ExtensibilityGlobals) = postSolution
		SolutionGuid = {8E1C0E52-894F-44C8-9291-AD321E9F52DB}
	EndGlobalSection
EndGlobal
